{
  "pins" : [
    {
      "identity" : "abseil-cpp-binary",
      "kind" : "remoteSourceControl",
      "location" : "https://github.com/google/abseil-cpp-binary.git",
      "state" : {
        "revision" : "bfc0b6f81adc06ce5121eb23f628473638d67c5c",
        "version" : "1.2022062300.0"
      }
    },
    {
      "identity" : "alerttoast",
      "kind" : "remoteSourceControl",
      "location" : "https://github.com/elai950/AlertToast.git",
      "state" : {
        "branch" : "master",
        "revision" : "638f38f9daf08e17b7caea22d2fcb9c0a418d1b6"
      }
    },
    {
      "identity" : "circularprogressswiftui",
      "kind" : "remoteSourceControl",
      "location" : "https://github.com/ArnavMotwani/CircularProgressSwiftUI.git",
      "state" : {
        "branch" : "main",
        "revision" : "017efe091152bad991a3a4c935a444facb0ed3d3"
      }
    },
    {
      "identity" : "firebase-ios-sdk",
      "kind" : "remoteSourceControl",
      "location" : "https://github.com/firebase/firebase-ios-sdk",
      "state" : {
        "revision" : "2bfe6abe1014aafe5cf28401708f7d39f9926a76",
        "version" : "10.14.0"
      }
    },
    {
      "identity" : "googleappmeasurement",
      "kind" : "remoteSourceControl",
      "location" : "https://github.com/google/GoogleAppMeasurement.git",
      "state" : {
        "revision" : "03b9beee1a61f62d32c521e172e192a1663a5e8b",
        "version" : "10.13.0"
      }
    },
    {
      "identity" : "googledatatransport",
      "kind" : "remoteSourceControl",
      "location" : "https://github.com/google/GoogleDataTransport.git",
      "state" : {
        "revision" : "aae45a320fd0d11811820335b1eabc8753902a40",
        "version" : "9.2.5"
      }
    },
    {
      "identity" : "googleutilities",
      "kind" : "remoteSourceControl",
      "location" : "https://github.com/google/GoogleUtilities.git",
      "state" : {
        "revision" : "c38ce365d77b04a9a300c31061c5227589e5597b",
        "version" : "7.11.5"
      }
    },
    {
      "identity" : "grpc-binary",
      "kind" : "remoteSourceControl",
      "location" : "https://github.com/google/grpc-binary.git",
      "state" : {
        "revision" : "f1b366129d1125be7db83247e003fc333104b569",
        "version" : "1.50.2"
      }
    },
    {
      "identity" : "gtm-session-fetcher",
      "kind" : "remoteSourceControl",
      "location" : "https://github.com/google/gtm-session-fetcher.git",
      "state" : {
        "revision" : "d415594121c9e8a4f9d79cecee0965cf35e74dbd",
        "version" : "3.1.1"
      }
    },
    {
      "identity" : "interop-ios-for-google-sdks",
      "kind" : "remoteSourceControl",
      "location" : "https://github.com/google/interop-ios-for-google-sdks.git",
      "state" : {
        "revision" : "2d12673670417654f08f5f90fdd62926dc3a2648",
        "version" : "100.0.0"
      }
    },
    {
      "identity" : "keyboardavoider",
      "kind" : "remoteSourceControl",
      "location" : "https://github.com/michaelhenry/KeyboardAvoider.git",
      "state" : {
        "revision" : "e1c3860e7b50bce567f3480ed443f1c6b3659725",
        "version" : "1.0.3"
      }
    },
    {
      "identity" : "leveldb",
      "kind" : "remoteSourceControl",
      "location" : "https://github.com/firebase/leveldb.git",
      "state" : {
        "revision" : "0706abcc6b0bd9cedfbb015ba840e4a780b5159b",
        "version" : "1.22.2"
      }
    },
    {
      "identity" : "nanopb",
      "kind" : "remoteSourceControl",
      "location" : "https://github.com/firebase/nanopb.git",
      "state" : {
        "revision" : "819d0a2173aff699fb8c364b6fb906f7cdb1a692",
        "version" : "2.30909.0"
      }
    },
    {
      "identity" : "popupview",
      "kind" : "remoteSourceControl",
      "location" : "https://github.com/exyte/PopupView.git",
      "state" : {
        "revision" : "da417a13f0042bdad8e24c042433cfc7e82761d1",
        "version" : "2.6.2"
      }
    },
    {
      "identity" : "promises",
      "kind" : "remoteSourceControl",
      "location" : "https://github.com/google/promises.git",
      "state" : {
        "revision" : "e70e889c0196c76d22759eb50d6a0270ca9f1d9e",
        "version" : "2.3.1"
      }
    },
    {
      "identity" : "refreshablescrollview",
      "kind" : "remoteSourceControl",
      "location" : "https://github.com/Q42/RefreshableScrollView.git",
      "state" : {
        "revision" : "45ab1092d36ca77bbbeee1534251085d974dc40e",
        "version" : "0.0.2"
      }
    },
    {
      "identity" : "slidingtabview",
      "kind" : "remoteSourceControl",
      "location" : "https://github.com/QuynhNguyen/SlidingTabView",
      "state" : {
        "revision" : "b0f0662977418824d50546b2850a523dcd793bb0",
        "version" : "1.0.2"
      }
    },
    {
      "identity" : "spconfetti",
      "kind" : "remoteSourceControl",
      "location" : "https://github.com/ivanvorobei/SPConfetti",
      "state" : {
        "revision" : "257a8674c62212a3919abd1f9cb31dc2fc7b0992",
        "version" : "1.4.1"
      }
    },
    {
      "identity" : "swift-protobuf",
      "kind" : "remoteSourceControl",
      "location" : "https://github.com/apple/swift-protobuf.git",
      "state" : {
        "revision" : "cf62cdaea48b77f1a631e5cb3aeda6047c2cba1d",
        "version" : "1.23.0"
      }
    },
    {
      "identity" : "valid",
      "kind" : "remoteSourceControl",
      "location" : "https://github.com/nerdsupremacist/Valid.git",
      "state" : {
        "revision" : "d89454686c9e199757091eb3bb4d50f1f0f6c4a5",
        "version" : "2.0.0"
      }
    }
  ],
  "version" : 2
}
